<Solution>
  <Folder Name="/src/">
    <Project Path="src/TeamsNotify.Core/TeamsNotify.Core.csproj" />
    <Project Path="src/TeamsNotify/TeamsNotify.csproj" />
  </Folder>
  <Folder Name="/tests/">
    <Project Path="tests/TeamsNotify.Core.Tests/TeamsNotify.Core.Tests.csproj" />
    <Project Path="tests/TeamsNotify.Tests/TeamsNotify.Tests.csproj" />
  </Folder>
</Solution>
